
Microsoft Visual Studio Solution File, Format Version 12.00
# Visual Studio Version 16
VisualStudioVersion = 16.0.31729.503
MinimumVisualStudioVersion = 10.0.40219.1
Project("{FAE04EC0-301F-11D3-BF4B-00C04F79EFBC}") = "OnlineForms", "OnlineForms\OnlineForms.csproj", "{96C9E041-2921-4E63-9BB7-1582658BCB79}"
EndProject
Project("{FAE04EC0-301F-11D3-BF4B-00C04F79EFBC}") = "Logging", "Logging\Logging.csproj", "{1181FF1E-50A5-4C2C-B623-6D3754B90D02}"
EndProject
Project("{FAE04EC0-301F-11D3-BF4B-00C04F79EFBC}") = "Email", "Email\Email.csproj", "{508C4388-D93C-49BC-9643-32EA915BF889}"
EndProject
Global
	GlobalSection(SolutionConfigurationPlatforms) = preSolution
		CERT|Any CPU = CERT|Any CPU
		Debug|Any CPU = Debug|Any CPU
		Dev|Any CPU = Dev|Any CPU
		Prod|Any CPU = Prod|Any CPU
		Release|Any CPU = Release|Any CPU
		RFDev|Any CPU = RFDev|Any CPU
		RFSIT|Any CPU = RFSIT|Any CPU
		SIT|Any CPU = SIT|Any CPU
		UAT|Any CPU = UAT|Any CPU
	EndGlobalSection
	GlobalSection(ProjectConfigurationPlatforms) = postSolution
		{96C9E041-2921-4E63-9BB7-1582658BCB79}.CERT|Any CPU.ActiveCfg = Release|Any CPU
		{96C9E041-2921-4E63-9BB7-1582658BCB79}.CERT|Any CPU.Build.0 = Release|Any CPU
		{96C9E041-2921-4E63-9BB7-1582658BCB79}.Debug|Any CPU.ActiveCfg = Debug|Any CPU
		{96C9E041-2921-4E63-9BB7-1582658BCB79}.Debug|Any CPU.Build.0 = Debug|Any CPU
		{96C9E041-2921-4E63-9BB7-1582658BCB79}.Dev|Any CPU.ActiveCfg = Debug|Any CPU
		{96C9E041-2921-4E63-9BB7-1582658BCB79}.Dev|Any CPU.Build.0 = Debug|Any CPU
		{96C9E041-2921-4E63-9BB7-1582658BCB79}.Prod|Any CPU.ActiveCfg = Release|Any CPU
		{96C9E041-2921-4E63-9BB7-1582658BCB79}.Prod|Any CPU.Build.0 = Release|Any CPU
		{96C9E041-2921-4E63-9BB7-1582658BCB79}.Release|Any CPU.ActiveCfg = Release|Any CPU
		{96C9E041-2921-4E63-9BB7-1582658BCB79}.Release|Any CPU.Build.0 = Release|Any CPU
		{96C9E041-2921-4E63-9BB7-1582658BCB79}.RFDev|Any CPU.ActiveCfg = Release|Any CPU
		{96C9E041-2921-4E63-9BB7-1582658BCB79}.RFDev|Any CPU.Build.0 = Release|Any CPU
		{96C9E041-2921-4E63-9BB7-1582658BCB79}.RFSIT|Any CPU.ActiveCfg = Release|Any CPU
		{96C9E041-2921-4E63-9BB7-1582658BCB79}.RFSIT|Any CPU.Build.0 = Release|Any CPU
		{96C9E041-2921-4E63-9BB7-1582658BCB79}.SIT|Any CPU.ActiveCfg = Release|Any CPU
		{96C9E041-2921-4E63-9BB7-1582658BCB79}.SIT|Any CPU.Build.0 = Release|Any CPU
		{96C9E041-2921-4E63-9BB7-1582658BCB79}.UAT|Any CPU.ActiveCfg = Release|Any CPU
		{96C9E041-2921-4E63-9BB7-1582658BCB79}.UAT|Any CPU.Build.0 = Release|Any CPU
		{1181FF1E-50A5-4C2C-B623-6D3754B90D02}.CERT|Any CPU.ActiveCfg = CERT|Any CPU
		{1181FF1E-50A5-4C2C-B623-6D3754B90D02}.CERT|Any CPU.Build.0 = CERT|Any CPU
		{1181FF1E-50A5-4C2C-B623-6D3754B90D02}.Debug|Any CPU.ActiveCfg = Debug|Any CPU
		{1181FF1E-50A5-4C2C-B623-6D3754B90D02}.Debug|Any CPU.Build.0 = Debug|Any CPU
		{1181FF1E-50A5-4C2C-B623-6D3754B90D02}.Dev|Any CPU.ActiveCfg = Dev|Any CPU
		{1181FF1E-50A5-4C2C-B623-6D3754B90D02}.Dev|Any CPU.Build.0 = Dev|Any CPU
		{1181FF1E-50A5-4C2C-B623-6D3754B90D02}.Prod|Any CPU.ActiveCfg = Prod|Any CPU
		{1181FF1E-50A5-4C2C-B623-6D3754B90D02}.Prod|Any CPU.Build.0 = Prod|Any CPU
		{1181FF1E-50A5-4C2C-B623-6D3754B90D02}.Release|Any CPU.ActiveCfg = Release|Any CPU
		{1181FF1E-50A5-4C2C-B623-6D3754B90D02}.Release|Any CPU.Build.0 = Release|Any CPU
		{1181FF1E-50A5-4C2C-B623-6D3754B90D02}.RFDev|Any CPU.ActiveCfg = RFDev|Any CPU
		{1181FF1E-50A5-4C2C-B623-6D3754B90D02}.RFDev|Any CPU.Build.0 = RFDev|Any CPU
		{1181FF1E-50A5-4C2C-B623-6D3754B90D02}.RFSIT|Any CPU.ActiveCfg = RFSIT|Any CPU
		{1181FF1E-50A5-4C2C-B623-6D3754B90D02}.RFSIT|Any CPU.Build.0 = RFSIT|Any CPU
		{1181FF1E-50A5-4C2C-B623-6D3754B90D02}.SIT|Any CPU.ActiveCfg = SIT|Any CPU
		{1181FF1E-50A5-4C2C-B623-6D3754B90D02}.SIT|Any CPU.Build.0 = SIT|Any CPU
		{1181FF1E-50A5-4C2C-B623-6D3754B90D02}.UAT|Any CPU.ActiveCfg = UAT|Any CPU
		{1181FF1E-50A5-4C2C-B623-6D3754B90D02}.UAT|Any CPU.Build.0 = UAT|Any CPU
		{508C4388-D93C-49BC-9643-32EA915BF889}.CERT|Any CPU.ActiveCfg = CERT|Any CPU
		{508C4388-D93C-49BC-9643-32EA915BF889}.CERT|Any CPU.Build.0 = CERT|Any CPU
		{508C4388-D93C-49BC-9643-32EA915BF889}.Debug|Any CPU.ActiveCfg = Debug|Any CPU
		{508C4388-D93C-49BC-9643-32EA915BF889}.Debug|Any CPU.Build.0 = Debug|Any CPU
		{508C4388-D93C-49BC-9643-32EA915BF889}.Dev|Any CPU.ActiveCfg = Dev|Any CPU
		{508C4388-D93C-49BC-9643-32EA915BF889}.Dev|Any CPU.Build.0 = Dev|Any CPU
		{508C4388-D93C-49BC-9643-32EA915BF889}.Prod|Any CPU.ActiveCfg = Prod|Any CPU
		{508C4388-D93C-49BC-9643-32EA915BF889}.Prod|Any CPU.Build.0 = Prod|Any CPU
		{508C4388-D93C-49BC-9643-32EA915BF889}.Release|Any CPU.ActiveCfg = Release|Any CPU
		{508C4388-D93C-49BC-9643-32EA915BF889}.Release|Any CPU.Build.0 = Release|Any CPU
		{508C4388-D93C-49BC-9643-32EA915BF889}.RFDev|Any CPU.ActiveCfg = RFDev|Any CPU
		{508C4388-D93C-49BC-9643-32EA915BF889}.RFDev|Any CPU.Build.0 = RFDev|Any CPU
		{508C4388-D93C-49BC-9643-32EA915BF889}.RFSIT|Any CPU.ActiveCfg = RFSIT|Any CPU
		{508C4388-D93C-49BC-9643-32EA915BF889}.RFSIT|Any CPU.Build.0 = RFSIT|Any CPU
		{508C4388-D93C-49BC-9643-32EA915BF889}.SIT|Any CPU.ActiveCfg = SIT|Any CPU
		{508C4388-D93C-49BC-9643-32EA915BF889}.SIT|Any CPU.Build.0 = SIT|Any CPU
		{508C4388-D93C-49BC-9643-32EA915BF889}.UAT|Any CPU.ActiveCfg = UAT|Any CPU
		{508C4388-D93C-49BC-9643-32EA915BF889}.UAT|Any CPU.Build.0 = UAT|Any CPU
	EndGlobalSection
	GlobalSection(SolutionProperties) = preSolution
		HideSolutionNode = FALSE
	EndGlobalSection
	GlobalSection(ExtensibilityGlobals) = postSolution
		SolutionGuid = {3FED4898-9382-4576-9FDF-5F6DDFA7C363}
	EndGlobalSection
EndGlobal
